
Microsoft Visual Studio Solution File, Format Version 12.00
# Visual Studio Version 17
VisualStudioVersion = 17.14.36511.14 d17.14
MinimumVisualStudioVersion = 10.0.40219.1
Project("{FAE04EC0-301F-11D3-BF4B-00C04F79EFBC}") = "website-e-commerce", "website-e-commerce\website-e-commerce.csproj", "{C163B9BE-16F2-4045-A94F-957540C5107D}"
EndProject
Global
	GlobalSection(SolutionConfigurationPlatforms) = preSolution
		Debug|Any CPU = Debug|Any CPU
		Release|Any CPU = Release|Any CPU
	EndGlobalSection
	GlobalSection(ProjectConfigurationPlatforms) = postSolution
		{C163B9BE-16F2-4045-A94F-957540C5107D}.Debug|Any CPU.ActiveCfg = Debug|Any CPU
		{C163B9BE-16F2-4045-A94F-957540C5107D}.Debug|Any CPU.Build.0 = Debug|Any CPU
		{C163B9BE-16F2-4045-A94F-957540C5107D}.Release|Any CPU.ActiveCfg = Release|Any CPU
		{C163B9BE-16F2-4045-A94F-957540C5107D}.Release|Any CPU.Build.0 = Release|Any CPU
	EndGlobalSection
	GlobalSection(SolutionProperties) = preSolution
		HideSolutionNode = FALSE
	EndGlobalSection
	GlobalSection(ExtensibilityGlobals) = postSolution
		SolutionGuid = {9006E57E-84A0-4C7B-B467-8A91BC9F4047}
	EndGlobalSection
EndGlobal
